
Microsoft Visual Studio Solution File, Format Version 12.00
# Visual Studio Version 17
VisualStudioVersion = 17.11.35312.102
MinimumVisualStudioVersion = 10.0.40219.1
Project("{2150E333-8FDC-42A3-9474-1A3956D46DE8}") = "Task0", "Task0", "{EC116ADC-83F7-463D-85C0-E4547A46098C}"
EndProject
Project("{9A19103F-16F7-4668-BE54-9A1E7A4F7556}") = "Tyuiu.RubankoGV.Sprint1.Task0.V14.Test", "Tyuiu.RubankoGV.Sprint1.Task0.V7.Test\Tyuiu.RubankoGV.Sprint1.Task0.V14.Test.csproj", "{9F830464-39CA-46E4-897F-0484E814B921}"
EndProject
Project("{9A19103F-16F7-4668-BE54-9A1E7A4F7556}") = "Tyuiu.RubankoGV.Sprint1.Task0.V14.Lib", "Tyuiu.RubankoGV.Sprint1.Task0.V14.Lib\Tyuiu.RubankoGV.Sprint1.Task0.V14.Lib.csproj", "{F1E99E2B-7A4E-403E-AF6B-6D1A3CF9203C}"
EndProject
Project("{9A19103F-16F7-4668-BE54-9A1E7A4F7556}") = "Tyuiu.RubankoGeV.Sprint1.Task0.V14", "Tyuiu.RubankoGeV.Sprint1.Task0.V14\Tyuiu.RubankoGeV.Sprint1.Task0.V14.csproj", "{23D7A3D3-6950-4C58-8C07-22FB12157054}"
EndProject
Project("{2150E333-8FDC-42A3-9474-1A3956D46DE8}") = "Task1", "Task1", "{80A275D1-4D1B-437E-8964-7F5592BE06AA}"
EndProject
Project("{9A19103F-16F7-4668-BE54-9A1E7A4F7556}") = "Tyuiu.RubankoGV.Sprint1.Task1.V7", "Tyuiu.RubankoGV.Sprint1.Task1.V7\Tyuiu.RubankoGV.Sprint1.Task1.V7.csproj", "{B9AB15E4-ECAF-4777-9286-CFEABB44E053}"
EndProject
Project("{9A19103F-16F7-4668-BE54-9A1E7A4F7556}") = "Tyuiu.RubankoGV.Sprint1.Task1.V7.Lib", "Tyuiu.RubankoGV.Sprint1.Task1.V7.Lib\Tyuiu.RubankoGV.Sprint1.Task1.V7.Lib.csproj", "{8CDDB05B-1203-45C7-8A1E-FE7AEAD77B43}"
EndProject
Project("{9A19103F-16F7-4668-BE54-9A1E7A4F7556}") = "Tyuiu.RubankoGV.Sprint1.Task1.V7.Test", "Tyuiu.RubankoGV.Sprint1.Task1.V7.Test\Tyuiu.RubankoGV.Sprint1.Task1.V7.Test.csproj", "{2E1FEC70-E119-4A91-8D76-1B9CF2D2DF6C}"
EndProject
Project("{2150E333-8FDC-42A3-9474-1A3956D46DE8}") = "Task2", "Task2", "{2F01D4E1-CD7E-4992-8F0C-E8D673CC67AB}"
EndProject
Project("{FAE04EC0-301F-11D3-BF4B-00C04F79EFBC}") = "Tyuiu.RubankoGV.Sprint1.Task2.V12", "Tyuiu.RubankoGV.Sprint1.Task2.V12\Tyuiu.RubankoGV.Sprint1.Task2.V12.csproj", "{25033676-8DF5-4BD7-9DCB-D135B0C980F4}"
EndProject
Project("{FAE04EC0-301F-11D3-BF4B-00C04F79EFBC}") = "Tyuiu.RubankoGV.Sprint1.Task2.V12.Lib", "Tyuiu.RubankoGV.Sprint1.Task2.V12.Lib\Tyuiu.RubankoGV.Sprint1.Task2.V12.Lib.csproj", "{42FA34E4-2F1C-4E92-85FD-ACABEF2282AF}"
EndProject
Project("{FAE04EC0-301F-11D3-BF4B-00C04F79EFBC}") = "Tyuiu.RubankoGV.Sprint1.Task2.V12.Test", "Tyuiu.RubankoGV.Sprint1.Task2.V12.Test\Tyuiu.RubankoGV.Sprint1.Task2.V12.Test.csproj", "{1D004BF0-6FCC-4418-90DE-7FD447B787DD}"
EndProject
Project("{2150E333-8FDC-42A3-9474-1A3956D46DE8}") = "Task3", "Task3", "{FF5ED962-7DE5-4C0D-95FD-3E68DE1A325B}"
EndProject
Project("{FAE04EC0-301F-11D3-BF4B-00C04F79EFBC}") = "Tyuiu.RubankoGV.Sprint1.Task3.V15", "Tyuiu.RubankoGV.Sprint1.Task3.V15\Tyuiu.RubankoGV.Sprint1.Task3.V15.csproj", "{F0E7DD47-FAC8-43C1-92D7-FDAAE68E81CE}"
EndProject
Project("{FAE04EC0-301F-11D3-BF4B-00C04F79EFBC}") = "Tyuiu.RubankoGV.Sprint1.Task3.V15.Lib", "Tyuiu.RubankoGV.Sprint1.Task3.V15.Lib\Tyuiu.RubankoGV.Sprint1.Task3.V15.Lib.csproj", "{AD8D043D-2C4B-4F83-9D29-EA9268042273}"
EndProject
Project("{FAE04EC0-301F-11D3-BF4B-00C04F79EFBC}") = "Tyuiu.RubankoGV.Sprint1.Task3.V15.Test", "Tyuiu.RubankoGV.Sprint1.Task3.V15.Test\Tyuiu.RubankoGV.Sprint1.Task3.V15.Test.csproj", "{D73173DD-340E-4CC3-90EC-E672034ABE29}"
EndProject
Global
	GlobalSection(SolutionConfigurationPlatforms) = preSolution
		Debug|Any CPU = Debug|Any CPU
		Release|Any CPU = Release|Any CPU
	EndGlobalSection
	GlobalSection(ProjectConfigurationPlatforms) = postSolution
		{9F830464-39CA-46E4-897F-0484E814B921}.Debug|Any CPU.ActiveCfg = Debug|Any CPU
		{9F830464-39CA-46E4-897F-0484E814B921}.Debug|Any CPU.Build.0 = Debug|Any CPU
		{9F830464-39CA-46E4-897F-0484E814B921}.Release|Any CPU.ActiveCfg = Release|Any CPU
		{9F830464-39CA-46E4-897F-0484E814B921}.Release|Any CPU.Build.0 = Release|Any CPU
		{F1E99E2B-7A4E-403E-AF6B-6D1A3CF9203C}.Debug|Any CPU.ActiveCfg = Debug|Any CPU
		{F1E99E2B-7A4E-403E-AF6B-6D1A3CF9203C}.Debug|Any CPU.Build.0 = Debug|Any CPU
		{F1E99E2B-7A4E-403E-AF6B-6D1A3CF9203C}.Release|Any CPU.ActiveCfg = Release|Any CPU
		{F1E99E2B-7A4E-403E-AF6B-6D1A3CF9203C}.Release|Any CPU.Build.0 = Release|Any CPU
		{23D7A3D3-6950-4C58-8C07-22FB12157054}.Debug|Any CPU.ActiveCfg = Debug|Any CPU
		{23D7A3D3-6950-4C58-8C07-22FB12157054}.Debug|Any CPU.Build.0 = Debug|Any CPU
		{23D7A3D3-6950-4C58-8C07-22FB12157054}.Release|Any CPU.ActiveCfg = Release|Any CPU
		{23D7A3D3-6950-4C58-8C07-22FB12157054}.Release|Any CPU.Build.0 = Release|Any CPU
		{B9AB15E4-ECAF-4777-9286-CFEABB44E053}.Debug|Any CPU.ActiveCfg = Debug|Any CPU
		{B9AB15E4-ECAF-4777-9286-CFEABB44E053}.Debug|Any CPU.Build.0 = Debug|Any CPU
		{B9AB15E4-ECAF-4777-9286-CFEABB44E053}.Release|Any CPU.ActiveCfg = Release|Any CPU
		{B9AB15E4-ECAF-4777-9286-CFEABB44E053}.Release|Any CPU.Build.0 = Release|Any CPU
		{8CDDB05B-1203-45C7-8A1E-FE7AEAD77B43}.Debug|Any CPU.ActiveCfg = Debug|Any CPU
		{8CDDB05B-1203-45C7-8A1E-FE7AEAD77B43}.Debug|Any CPU.Build.0 = Debug|Any CPU
		{8CDDB05B-1203-45C7-8A1E-FE7AEAD77B43}.Release|Any CPU.ActiveCfg = Release|Any CPU
		{8CDDB05B-1203-45C7-8A1E-FE7AEAD77B43}.Release|Any CPU.Build.0 = Release|Any CPU
		{2E1FEC70-E119-4A91-8D76-1B9CF2D2DF6C}.Debug|Any CPU.ActiveCfg = Debug|Any CPU
		{2E1FEC70-E119-4A91-8D76-1B9CF2D2DF6C}.Debug|Any CPU.Build.0 = Debug|Any CPU
		{2E1FEC70-E119-4A91-8D76-1B9CF2D2DF6C}.Release|Any CPU.ActiveCfg = Release|Any CPU
		{2E1FEC70-E119-4A91-8D76-1B9CF2D2DF6C}.Release|Any CPU.Build.0 = Release|Any CPU
		{25033676-8DF5-4BD7-9DCB-D135B0C980F4}.Debug|Any CPU.ActiveCfg = Debug|Any CPU
		{25033676-8DF5-4BD7-9DCB-D135B0C980F4}.Debug|Any CPU.Build.0 = Debug|Any CPU
		{25033676-8DF5-4BD7-9DCB-D135B0C980F4}.Release|Any CPU.ActiveCfg = Release|Any CPU
		{25033676-8DF5-4BD7-9DCB-D135B0C980F4}.Release|Any CPU.Build.0 = Release|Any CPU
		{42FA34E4-2F1C-4E92-85FD-ACABEF2282AF}.Debug|Any CPU.ActiveCfg = Debug|Any CPU
		{42FA34E4-2F1C-4E92-85FD-ACABEF2282AF}.Debug|Any CPU.Build.0 = Debug|Any CPU
		{42FA34E4-2F1C-4E92-85FD-ACABEF2282AF}.Release|Any CPU.ActiveCfg = Release|Any CPU
		{42FA34E4-2F1C-4E92-85FD-ACABEF2282AF}.Release|Any CPU.Build.0 = Release|Any CPU
		{1D004BF0-6FCC-4418-90DE-7FD447B787DD}.Debug|Any CPU.ActiveCfg = Debug|Any CPU
		{1D004BF0-6FCC-4418-90DE-7FD447B787DD}.Debug|Any CPU.Build.0 = Debug|Any CPU
		{1D004BF0-6FCC-4418-90DE-7FD447B787DD}.Release|Any CPU.ActiveCfg = Release|Any CPU
		{1D004BF0-6FCC-4418-90DE-7FD447B787DD}.Release|Any CPU.Build.0 = Release|Any CPU
		{F0E7DD47-FAC8-43C1-92D7-FDAAE68E81CE}.Debug|Any CPU.ActiveCfg = Debug|Any CPU
		{F0E7DD47-FAC8-43C1-92D7-FDAAE68E81CE}.Debug|Any CPU.Build.0 = Debug|Any CPU
		{F0E7DD47-FAC8-43C1-92D7-FDAAE68E81CE}.Release|Any CPU.ActiveCfg = Release|Any CPU
		{F0E7DD47-FAC8-43C1-92D7-FDAAE68E81CE}.Release|Any CPU.Build.0 = Release|Any CPU
		{AD8D043D-2C4B-4F83-9D29-EA9268042273}.Debug|Any CPU.ActiveCfg = Debug|Any CPU
		{AD8D043D-2C4B-4F83-9D29-EA9268042273}.Debug|Any CPU.Build.0 = Debug|Any CPU
		{AD8D043D-2C4B-4F83-9D29-EA9268042273}.Release|Any CPU.ActiveCfg = Release|Any CPU
		{AD8D043D-2C4B-4F83-9D29-EA9268042273}.Release|Any CPU.Build.0 = Release|Any CPU
		{D73173DD-340E-4CC3-90EC-E672034ABE29}.Debug|Any CPU.ActiveCfg = Debug|Any CPU
		{D73173DD-340E-4CC3-90EC-E672034ABE29}.Debug|Any CPU.Build.0 = Debug|Any CPU
		{D73173DD-340E-4CC3-90EC-E672034ABE29}.Release|Any CPU.ActiveCfg = Release|Any CPU
		{D73173DD-340E-4CC3-90EC-E672034ABE29}.Release|Any CPU.Build.0 = Release|Any CPU
	EndGlobalSection
	GlobalSection(SolutionProperties) = preSolution
		HideSolutionNode = FALSE
	EndGlobalSection
	GlobalSection(NestedProjects) = preSolution
		{9F830464-39CA-46E4-897F-0484E814B921} = {EC116ADC-83F7-463D-85C0-E4547A46098C}
		{F1E99E2B-7A4E-403E-AF6B-6D1A3CF9203C} = {EC116ADC-83F7-463D-85C0-E4547A46098C}
		{23D7A3D3-6950-4C58-8C07-22FB12157054} = {EC116ADC-83F7-463D-85C0-E4547A46098C}
		{B9AB15E4-ECAF-4777-9286-CFEABB44E053} = {80A275D1-4D1B-437E-8964-7F5592BE06AA}
		{8CDDB05B-1203-45C7-8A1E-FE7AEAD77B43} = {80A275D1-4D1B-437E-8964-7F5592BE06AA}
		{2E1FEC70-E119-4A91-8D76-1B9CF2D2DF6C} = {80A275D1-4D1B-437E-8964-7F5592BE06AA}
		{25033676-8DF5-4BD7-9DCB-D135B0C980F4} = {2F01D4E1-CD7E-4992-8F0C-E8D673CC67AB}
		{42FA34E4-2F1C-4E92-85FD-ACABEF2282AF} = {2F01D4E1-CD7E-4992-8F0C-E8D673CC67AB}
		{1D004BF0-6FCC-4418-90DE-7FD447B787DD} = {2F01D4E1-CD7E-4992-8F0C-E8D673CC67AB}
		{F0E7DD47-FAC8-43C1-92D7-FDAAE68E81CE} = {FF5ED962-7DE5-4C0D-95FD-3E68DE1A325B}
		{AD8D043D-2C4B-4F83-9D29-EA9268042273} = {FF5ED962-7DE5-4C0D-95FD-3E68DE1A325B}
		{D73173DD-340E-4CC3-90EC-E672034ABE29} = {FF5ED962-7DE5-4C0D-95FD-3E68DE1A325B}
	EndGlobalSection
	GlobalSection(ExtensibilityGlobals) = postSolution
		SolutionGuid = {5C827F5F-3184-4C20-9D24-EDF21B63135D}
	EndGlobalSection
EndGlobal
